
Microsoft Visual Studio Solution File, Format Version 12.00
# Visual Studio 15
VisualStudioVersion = 15.0.27703.1
MinimumVisualStudioVersion = 10.0.40219.1
Project("{8BC9CEB8-8B4A-11D0-8D11-00A0C91BC942}") = "tt", "tt\tt.vcxproj", "{F06C5F21-A66D-45F3-B2A0-AAFAC9E7C036}"
EndProject
Global
	GlobalSection(SolutionConfigurationPlatforms) = preSolution
		Debug|x64 = Debug|x64
		Debug|x86 = Debug|x86
		Release|x64 = Release|x64
		Release|x86 = Release|x86
	EndGlobalSection
	GlobalSection(ProjectConfigurationPlatforms) = postSolution
		{F06C5F21-A66D-45F3-B2A0-AAFAC9E7C036}.Debug|x64.ActiveCfg = Debug|x64
		{F06C5F21-A66D-45F3-B2A0-AAFAC9E7C036}.Debug|x64.Build.0 = Debug|x64
		{F06C5F21-A66D-45F3-B2A0-AAFAC9E7C036}.Debug|x86.ActiveCfg = Debug|Win32
		{F06C5F21-A66D-45F3-B2A0-AAFAC9E7C036}.Debug|x86.Build.0 = Debug|Win32
		{F06C5F21-A66D-45F3-B2A0-AAFAC9E7C036}.Release|x64.ActiveCfg = Release|x64
		{F06C5F21-A66D-45F3-B2A0-AAFAC9E7C036}.Release|x64.Build.0 = Release|x64
		{F06C5F21-A66D-45F3-B2A0-AAFAC9E7C036}.Release|x86.ActiveCfg = Release|Win32
		{F06C5F21-A66D-45F3-B2A0-AAFAC9E7C036}.Release|x86.Build.0 = Release|Win32
	EndGlobalSection
	GlobalSection(SolutionProperties) = preSolution
		HideSolutionNode = FALSE
	EndGlobalSection
	GlobalSection(ExtensibilityGlobals) = postSolution
		SolutionGuid = {82FE13A7-E7A8-4EA0-A68F-20A53B12915D}
	EndGlobalSection
EndGlobal
